
Microsoft Visual Studio Solution File, Format Version 12.00
# Visual Studio Version 16
VisualStudioVersion = 16.0.29001.49
MinimumVisualStudioVersion = 10.0.40219.1
Project("{9A19103F-16F7-4668-BE54-9A1E7A4F7556}") = "RarJpeg", "RarJpeg\RarJpeg.csproj", "{B6ABB9AE-0F98-4B2F-8DF0-0B452FE257AB}"
EndProject
Global
	GlobalSection(SolutionConfigurationPlatforms) = preSolution
		Debug|Any CPU = Debug|Any CPU
		Debug|x64 = Debug|x64
		Release|Any CPU = Release|Any CPU
		Release|x64 = Release|x64
	EndGlobalSection
	GlobalSection(ProjectConfigurationPlatforms) = postSolution
		{B6ABB9AE-0F98-4B2F-8DF0-0B452FE257AB}.Debug|Any CPU.ActiveCfg = Debug|Any CPU
		{B6ABB9AE-0F98-4B2F-8DF0-0B452FE257AB}.Debug|Any CPU.Build.0 = Debug|Any CPU
		{B6ABB9AE-0F98-4B2F-8DF0-0B452FE257AB}.Debug|x64.ActiveCfg = Debug|x64
		{B6ABB9AE-0F98-4B2F-8DF0-0B452FE257AB}.Debug|x64.Build.0 = Debug|x64
		{B6ABB9AE-0F98-4B2F-8DF0-0B452FE257AB}.Release|Any CPU.ActiveCfg = Release|Any CPU
		{B6ABB9AE-0F98-4B2F-8DF0-0B452FE257AB}.Release|Any CPU.Build.0 = Release|Any CPU
		{B6ABB9AE-0F98-4B2F-8DF0-0B452FE257AB}.Release|x64.ActiveCfg = Release|x64
		{B6ABB9AE-0F98-4B2F-8DF0-0B452FE257AB}.Release|x64.Build.0 = Release|x64
	EndGlobalSection
	GlobalSection(SolutionProperties) = preSolution
		HideSolutionNode = FALSE
	EndGlobalSection
	GlobalSection(ExtensibilityGlobals) = postSolution
		SolutionGuid = {915E5341-AAAC-4AEA-BD01-A9D59B1FD756}
	EndGlobalSection
EndGlobal
